
Microsoft Visual Studio Solution File, Format Version 12.00
# Visual Studio Version 17
VisualStudioVersion = 17.11.35222.181
MinimumVisualStudioVersion = 10.0.40219.1
Project("{9A19103F-16F7-4668-BE54-9A1E7A4F7556}") = "CafeOrderingSystem", "CafeOrderingSystem.csproj", "{8A76B403-06D4-4521-BB35-16E8686028FA}"
EndProject
Global
	GlobalSection(SolutionConfigurationPlatforms) = preSolution
		Debug|Any CPU = Debug|Any CPU
		Release|Any CPU = Release|Any CPU
	EndGlobalSection
	GlobalSection(ProjectConfigurationPlatforms) = postSolution
		{8A76B403-06D4-4521-BB35-16E8686028FA}.Debug|Any CPU.ActiveCfg = Debug|Any CPU
		{8A76B403-06D4-4521-BB35-16E8686028FA}.Debug|Any CPU.Build.0 = Debug|Any CPU
		{8A76B403-06D4-4521-BB35-16E8686028FA}.Release|Any CPU.ActiveCfg = Release|Any CPU
		{8A76B403-06D4-4521-BB35-16E8686028FA}.Release|Any CPU.Build.0 = Release|Any CPU
	EndGlobalSection
	GlobalSection(SolutionProperties) = preSolution
		HideSolutionNode = FALSE
	EndGlobalSection
	GlobalSection(ExtensibilityGlobals) = postSolution
		SolutionGuid = {A636692A-830A-4E2A-A7B3-CE6C0294D2B6}
	EndGlobalSection
EndGlobal
